
Microsoft Visual Studio Solution File, Format Version 12.00
# Visual Studio Version 16
VisualStudioVersion = 16.0.30717.126
MinimumVisualStudioVersion = 10.0.40219.1
Project("{FAE04EC0-301F-11D3-BF4B-00C04F79EFBC}") = "Epplus Test", "Epplus Test.csproj", "{5728F210-CEF6-40ED-BAF5-DA3F62A6353A}"
EndProject
Global
	GlobalSection(SolutionConfigurationPlatforms) = preSolution
		Debug|Any CPU = Debug|Any CPU
		Release|Any CPU = Release|Any CPU
	EndGlobalSection
	GlobalSection(ProjectConfigurationPlatforms) = postSolution
		{5728F210-CEF6-40ED-BAF5-DA3F62A6353A}.Debug|Any CPU.ActiveCfg = Debug|Any CPU
		{5728F210-CEF6-40ED-BAF5-DA3F62A6353A}.Debug|Any CPU.Build.0 = Debug|Any CPU
		{5728F210-CEF6-40ED-BAF5-DA3F62A6353A}.Release|Any CPU.ActiveCfg = Release|Any CPU
		{5728F210-CEF6-40ED-BAF5-DA3F62A6353A}.Release|Any CPU.Build.0 = Release|Any CPU
	EndGlobalSection
	GlobalSection(SolutionProperties) = preSolution
		HideSolutionNode = FALSE
	EndGlobalSection
	GlobalSection(ExtensibilityGlobals) = postSolution
		SolutionGuid = {508E039F-9579-4A0F-A390-D553ADFECC8D}
	EndGlobalSection
EndGlobal
